{
  "name": "dnd-combat-sim-webpage",
  "version": "0.0.1",
  "lockfileVersion": 1,
  "requires": true,
  "dependencies": {
    "dnd-combat-simulator": {
      "version": "0.0.3",
      "resolved": "https://registry.npmjs.org/dnd-combat-simulator/-/dnd-combat-simulator-0.0.3.tgz",
      "integrity": "sha512-O44IpJZT5flz1zMDPFSN/wyLneS9hHwFruKzaOOCr+OO/0tWSFvIWVqzGER1KCbgCG0VSS/TAfssmtBnScBQ4A==",
      "requires": {
        "underscore": "1.9.1"
      }
    },
    "jquery": {
      "version": "3.3.1",
      "resolved": "https://registry.npmjs.org/jquery/-/jquery-3.3.1.tgz",
      "integrity": "sha512-Ubldcmxp5np52/ENotGxlLe6aGMvmF4R8S6tZjsP6Knsaxd/xp3Zrh50cG93lR6nPXyUFwzN3ZSOQI0wRJNdGg=="
    },
    "underscore": {
      "version": "1.9.1",
      "resolved": "https://registry.npmjs.org/underscore/-/underscore-1.9.1.tgz",
      "integrity": "sha512-5/4etnCkd9c8gwgowi5/om/mYO5ajCaOgdzj/oW+0eQV9WxKBDZw5+ycmKmeaTXjInS/W0BzpGLo2xR2aBwZdg=="
    }
  }
}
